// !$*UTF8*$!
{
	archiveVersion = 1;
	classes = {
	};
	objectVersion = 56;
	objects = {

/* Begin PBXBuildFile section */
		010101012C12345600000001 /* UTanApp.swift in Sources */ = {isa = PBXBuildFile; fileRef = 010101012C12345600000002 /* UTanApp.swift */; };
		010101012C12345600000003 /* Scraper.swift in Sources */ = {isa = PBXBuildFile; fileRef = 010101012C12345600000004 /* Scraper.swift */; };
		010101012C12345600000005 /* CustomPlayer.swift in Sources */ = {isa = PBXBuildFile; fileRef = 010101012C12345600000006 /* CustomPlayer.swift */; };
		010101012C12345600000007 /* SubtitleParser.swift in Sources */ = {isa = PBXBuildFile; fileRef = 010101012C12345600000008 /* SubtitleParser.swift */; };
		010101012C12345600000009 /* Views.swift in Sources */ = {isa = PBXBuildFile; fileRef = 010101012C1234560000000A /* Views.swift */; };
		010101012C12345600000010 /* Cairo.ttf in Resources */ = {isa = PBXBuildFile; fileRef = 010101012C1234560000000F /* Cairo.ttf */; };
		010101012C12345600000011 /* Rubik.ttf in Resources */ = {isa = PBXBuildFile; fileRef = 010101012C12345600000012 /* Rubik.ttf */; };
		010101012C1234560000001F /* KOMedia.otf in Resources */ = {isa = PBXBuildFile; fileRef = 010101012C12345600000020 /* KOMedia.otf */; };
		010101012C12345600000021 /* Shebli.otf in Resources */ = {isa = PBXBuildFile; fileRef = 010101012C12345600000022 /* Shebli.otf */; };
/* End PBXBuildFile section */

/* Begin PBXFileReference section */
		010101012C12345600000002 /* UTanApp.swift */ = {isa = PBXFileReference; fileEncoding = 4; lastKnownFileType = sourcecode.swift; path = UTanApp.swift; sourceTree = "<group>"; };
		010101012C12345600000004 /* Scraper.swift */ = {isa = PBXFileReference; fileEncoding = 4; lastKnownFileType = sourcecode.swift; path = Scraper.swift; sourceTree = "<group>"; };
		010101012C12345600000006 /* CustomPlayer.swift */ = {isa = PBXFileReference; fileEncoding = 4; lastKnownFileType = sourcecode.swift; path = CustomPlayer.swift; sourceTree = "<group>"; };
		010101012C12345600000008 /* SubtitleParser.swift */ = {isa = PBXFileReference; fileEncoding = 4; lastKnownFileType = sourcecode.swift; path = SubtitleParser.swift; sourceTree = "<group>"; };
		010101012C1234560000000A /* Views.swift */ = {isa = PBXFileReference; fileEncoding = 4; lastKnownFileType = sourcecode.swift; path = Views.swift; sourceTree = "<group>"; };
		010101012C1234560000000B /* Info.plist */ = {isa = PBXFileReference; fileEncoding = 4; lastKnownFileType = text.plist.xml; path = Info.plist; sourceTree = "<group>"; };
		010101012C1234560000000C /* UTan.app */ = {isa = PBXFileReference; explicitFileType = wrapper.application; includeInIndex = 0; path = UTan.app; sourceTree = BUILT_PRODUCTS_DIR; };
		010101012C1234560000000F /* Cairo.ttf */ = {isa = PBXFileReference; lastKnownFileType = file; path = "Cairo.ttf"; sourceTree = "<group>"; };
		010101012C12345600000012 /* Rubik.ttf */ = {isa = PBXFileReference; lastKnownFileType = file; path = "Rubik.ttf"; sourceTree = "<group>"; };
		010101012C12345600000020 /* KOMedia.otf */ = {isa = PBXFileReference; lastKnownFileType = file; path = "KOMedia.otf"; sourceTree = "<group>"; };
		010101012C12345600000022 /* Shebli.otf */ = {isa = PBXFileReference; lastKnownFileType = file; path = "Shebli.otf"; sourceTree = "<group>"; };
/* End PBXFileReference section */

/* Begin PBXFrameworksBuildPhase section */
		010101012C1234560000000D /* Frameworks */ = {
			isa = PBXFrameworksBuildPhase;
			buildActionMask = 2147483647;
			files = (
			);
			runOnlyForDeploymentPostprocessing = 0;
		};
/* End PBXFrameworksBuildPhase section */

/* Begin PBXGroup section */
		010101012C1234560000000E /* MainGroup */ = {
			isa = PBXGroup;
			children = (
				010101012C12345600000013 /* UTan */,
				010101012C1234560000000C /* UTan.app */,
			);
			sourceTree = "<group>";
		};
		010101012C12345600000013 /* UTan */ = {
			isa = PBXGroup;
			children = (
				010101012C12345600000014 /* Fonts */,
				010101012C12345600000002 /* UTanApp.swift */,
				010101012C12345600000004 /* Scraper.swift */,
				010101012C12345600000006 /* CustomPlayer.swift */,
				010101012C12345600000008 /* SubtitleParser.swift */,
				010101012C1234560000000A /* Views.swift */,
				010101012C1234560000000B /* Info.plist */,
			);
			path = UTan;
			sourceTree = "<group>";
		};
		010101012C12345600000014 /* Fonts */ = {
			isa = PBXGroup;
			children = (
				010101012C1234560000000F /* Cairo.ttf */,
				010101012C12345600000012 /* Rubik.ttf */,
				010101012C12345600000020 /* KOMedia.otf */,
				010101012C12345600000022 /* Shebli.otf */,
			);
			path = Fonts;
			sourceTree = "<group>";
		};
/* End PBXGroup section */

/* Begin PBXNativeTarget section */
		010101012C12345600000015 /* UTan */ = {
			isa = PBXNativeTarget;
			buildConfigurationList = 010101012C12345600000016 /* Build configuration list for PBXNativeTarget "UTan" */;
			buildPhases = (
				010101012C12345600000017 /* Sources */,
				010101012C1234560000000D /* Frameworks */,
				010101012C12345600000018 /* Resources */,
			);
			buildRules = (
			);
			dependencies = (
			);
			name = UTan;
			productName = UTan;
			productReference = 010101012C1234560000000C /* UTan.app */;
			productType = "com.apple.product-type.application";
		};
/* End PBXNativeTarget section */

/* Begin PBXProject section */
		010101012C12345600000019 /* Project object */ = {
			isa = PBXProject;
			attributes = {
				LastSwiftUpdateCheck = 1500;
				LastUpgradeCheck = 1500;
				TargetAttributes = {
					010101012C12345600000015 = {
						CreatedOnToolsVersion = 15.0;
						DevelopmentTeam = "";
					};
				};
			};
			buildConfigurationList = 010101012C1234560000001A /* Build configuration list for PBXProject "UTan" */;
			compatibilityVersion = "Xcode 14.0";
			developmentRegion = en;
			hasScannedForEncodings = 0;
			knownRegions = (
				en,
				Base,
				ar,
			);
			mainGroup = 010101012C1234560000000E /* MainGroup */;
			productRefGroup = 010101012C1234560000000E /* MainGroup */;
			projectDirPath = "";
			projectRoot = "";
			targets = (
				010101012C12345600000015 /* UTan */,
			);
		};
/* End PBXProject section */

/* Begin PBXResourcesBuildPhase section */
		010101012C12345600000018 /* Resources */ = {
			isa = PBXResourcesBuildPhase;
			buildActionMask = 2147483647;
			files = (
				010101012C12345600000010 /* Cairo.ttf in Resources */,
				010101012C12345600000011 /* Rubik.ttf in Resources */,
				010101012C1234560000001F /* KOMedia.otf in Resources */,
				010101012C12345600000021 /* Shebli.otf in Resources */,
			);
			runOnlyForDeploymentPostprocessing = 0;
		};
/* End PBXResourcesBuildPhase section */

/* Begin PBXSourcesBuildPhase section */
		010101012C12345600000017 /* Sources */ = {
			isa = PBXSourcesBuildPhase;
			buildActionMask = 2147483647;
			files = (
				010101012C12345600000001 /* UTanApp.swift in Sources */,
				010101012C12345600000003 /* Scraper.swift in Sources */,
				010101012C12345600000005 /* CustomPlayer.swift in Sources */,
				010101012C12345600000007 /* SubtitleParser.swift in Sources */,
				010101012C12345600000009 /* Views.swift in Sources */,
			);
			runOnlyForDeploymentPostprocessing = 0;
		};
/* End PBXSourcesBuildPhase section */

/* Begin XCBuildConfiguration section */
		010101012C1234560000001B /* Debug */ = {
			isa = XCBuildConfiguration;
			buildSettings = {
				ALWAYS_SEARCH_USER_PATHS = NO;
				CLANG_ANALYZER_NONNULL = YES;
				CLANG_CXX_LANGUAGE_STANDARD = "gnu++20";
				CLANG_ENABLE_MODULES = YES;
				CLANG_ENABLE_OBJC_ARC = YES;
				CLANG_ENABLE_OBJC_WEAK = YES;
				COPY_PHASE_STRIP = NO;
				DEBUG_INFORMATION_FORMAT = dwarf;
				ENABLE_STRICT_OBJC_MSGSEND = YES;
				ENABLE_TESTABILITY = YES;
				GCC_C_LANGUAGE_STANDARD = gnu11;
				GCC_DYNAMIC_NO_PIC = NO;
				GCC_NO_COMMON_BLOCKS = YES;
				GCC_OPTIMIZATION_LEVEL = 0;
				GCC_PREPROCESSOR_DEFINITIONS = (
					"DEBUG=1",
					"$(inherited)",
				);
				MTL_ENABLE_DEBUG_INFO = INCLUDE_SOURCE;
				MTL_FAST_MATH = YES;
				ONLY_ACTIVE_ARCH = YES;
				SDKROOT = iphoneos;
				SWIFT_ACTIVE_COMPILATION_CONDITIONS = DEBUG;
				SWIFT_OPTIMIZATION_LEVEL = "-Onone";
			};
			name = Debug;
		};
		010101012C1234560000001C /* Release */ = {
			isa = XCBuildConfiguration;
			buildSettings = {
				ALWAYS_SEARCH_USER_PATHS = NO;
				CLANG_ANALYZER_NONNULL = YES;
				CLANG_CXX_LANGUAGE_STANDARD = "gnu++20";
				CLANG_ENABLE_MODULES = YES;
				CLANG_ENABLE_OBJC_ARC = YES;
				CLANG_ENABLE_OBJC_WEAK = YES;
				COPY_PHASE_STRIP = NO;
				DEBUG_INFORMATION_FORMAT = "dwarf-with-dsym";
				ENABLE_NS_ASSERTIONS = NO;
				ENABLE_STRICT_OBJC_MSGSEND = YES;
				GCC_C_LANGUAGE_STANDARD = gnu11;
				GCC_NO_COMMON_BLOCKS = YES;
				MTL_FAST_MATH = YES;
				SDKROOT = iphoneos;
				SWIFT_COMPILATION_MODE = wholemodule;
				SWIFT_OPTIMIZATION_LEVEL = "-O";
				VALIDATE_PRODUCT = YES;
			};
			name = Release;
		};
		010101012C1234560000001D /* Debug */ = {
			isa = XCBuildConfiguration;
			buildSettings = {
				ASSETCATALOG_COMPILER_APPICON_NAME = AppIcon;
				ASSETCATALOG_COMPILER_GLOBAL_ACCENT_COLOR_NAME = AccentColor;
				CODE_SIGN_STYLE = Manual;
				CODE_SIGNING_ALLOWED = NO;
				CODE_SIGNING_REQUIRED = NO;
				CURRENT_PROJECT_VERSION = 1;
				DEVELOPMENT_ASSET_PATHS = "";
				ENABLE_PREVIEWS = YES;
				INFOPLIST_FILE = UTan/Info.plist;
				IPHONEOS_DEPLOYMENT_TARGET = 16.0;
				LD_RUNPATH_SEARCH_PATHS = (
					"$(inherited)",
					"@executable_path/Frameworks",
				);
				MARKETING_VERSION = 1.0;
				PRODUCT_BUNDLE_IDENTIFIER = com.mustaqil.utan;
				PRODUCT_NAME = "$(TARGET_NAME)";
				SWIFT_EMIT_LOC_STRINGS = YES;
				SWIFT_VERSION = 5.0;
				TARGETED_DEVICE_FAMILY = "1,2";
			};
			name = Debug;
		};
		010101012C1234560000001E /* Release */ = {
			isa = XCBuildConfiguration;
			buildSettings = {
				ASSETCATALOG_COMPILER_APPICON_NAME = AppIcon;
				ASSETCATALOG_COMPILER_GLOBAL_ACCENT_COLOR_NAME = AccentColor;
				CODE_SIGN_STYLE = Manual;
				CODE_SIGNING_ALLOWED = NO;
				CODE_SIGNING_REQUIRED = NO;
				CURRENT_PROJECT_VERSION = 1;
				DEVELOPMENT_ASSET_PATHS = "";
				ENABLE_PREVIEWS = YES;
				INFOPLIST_FILE = UTan/Info.plist;
				IPHONEOS_DEPLOYMENT_TARGET = 16.0;
				LD_RUNPATH_SEARCH_PATHS = (
					"$(inherited)",
					"@executable_path/Frameworks",
				);
				MARKETING_VERSION = 1.0;
				PRODUCT_BUNDLE_IDENTIFIER = com.mustaqil.utan;
				PRODUCT_NAME = "$(TARGET_NAME)";
				SWIFT_EMIT_LOC_STRINGS = YES;
				SWIFT_VERSION = 5.0;
				TARGETED_DEVICE_FAMILY = "1,2";
			};
			name = Release;
		};
/* End XCBuildConfiguration section */

/* Begin XCConfigurationList section */
		010101012C12345600000016 /* Build configuration list for PBXNativeTarget "UTan" */ = {
			isa = XCConfigurationList;
			buildConfigurations = (
				010101012C1234560000001D /* Debug */,
				010101012C1234560000001E /* Release */,
			);
			defaultConfigurationIsVisible = 0;
			defaultConfigurationName = Release;
		};
		010101012C1234560000001A /* Build configuration list for PBXProject "UTan" */ = {
			isa = XCConfigurationList;
			buildConfigurations = (
				010101012C1234560000001B /* Debug */,
				010101012C1234560000001C /* Release */,
			);
			defaultConfigurationIsVisible = 0;
			defaultConfigurationName = Release;
		};
/* End XCConfigurationList section */
	};
	rootObject = 010101012C12345600000019 /* Project object */;
}
